
Microsoft Visual Studio Solution File, Format Version 12.00
# Visual Studio 15
VisualStudioVersion = 15.0.26228.4
MinimumVisualStudioVersion = 10.0.40219.1
Project("{FAE04EC0-301F-11D3-BF4B-00C04F79EFBC}") = "AdbLibTest", "AdbLibTest\AdbLibTest.csproj", "{CBBC2B07-8D9D-4A63-AF37-B256489725F5}"
EndProject
Project("{FAE04EC0-301F-11D3-BF4B-00C04F79EFBC}") = "AdbLib", "AdbLib\AdbLib.csproj", "{03E53DDD-A140-4857-B94F-9D231DB746A3}"
EndProject
Project("{FAE04EC0-301F-11D3-BF4B-00C04F79EFBC}") = "Utils", "Utils\Utils.csproj", "{FA956B76-4FA7-400D-93DA-F76DECBD3C24}"
EndProject
Project("{FAE04EC0-301F-11D3-BF4B-00C04F79EFBC}") = "AdbUnitTest", "AdbUnitTest\AdbUnitTest.csproj", "{7D93F44E-BDDF-4E97-810C-5A8C6E820737}"
EndProject
Global
	GlobalSection(SolutionConfigurationPlatforms) = preSolution
		Debug|Any CPU = Debug|Any CPU
		Release|Any CPU = Release|Any CPU
	EndGlobalSection
	GlobalSection(ProjectConfigurationPlatforms) = postSolution
		{CBBC2B07-8D9D-4A63-AF37-B256489725F5}.Debug|Any CPU.ActiveCfg = Debug|Any CPU
		{CBBC2B07-8D9D-4A63-AF37-B256489725F5}.Debug|Any CPU.Build.0 = Debug|Any CPU
		{CBBC2B07-8D9D-4A63-AF37-B256489725F5}.Release|Any CPU.ActiveCfg = Release|Any CPU
		{CBBC2B07-8D9D-4A63-AF37-B256489725F5}.Release|Any CPU.Build.0 = Release|Any CPU
		{03E53DDD-A140-4857-B94F-9D231DB746A3}.Debug|Any CPU.ActiveCfg = Debug|Any CPU
		{03E53DDD-A140-4857-B94F-9D231DB746A3}.Debug|Any CPU.Build.0 = Debug|Any CPU
		{03E53DDD-A140-4857-B94F-9D231DB746A3}.Release|Any CPU.ActiveCfg = Release|Any CPU
		{03E53DDD-A140-4857-B94F-9D231DB746A3}.Release|Any CPU.Build.0 = Release|Any CPU
		{FA956B76-4FA7-400D-93DA-F76DECBD3C24}.Debug|Any CPU.ActiveCfg = Debug|Any CPU
		{FA956B76-4FA7-400D-93DA-F76DECBD3C24}.Debug|Any CPU.Build.0 = Debug|Any CPU
		{FA956B76-4FA7-400D-93DA-F76DECBD3C24}.Release|Any CPU.ActiveCfg = Release|Any CPU
		{FA956B76-4FA7-400D-93DA-F76DECBD3C24}.Release|Any CPU.Build.0 = Release|Any CPU
		{7D93F44E-BDDF-4E97-810C-5A8C6E820737}.Debug|Any CPU.ActiveCfg = Debug|Any CPU
		{7D93F44E-BDDF-4E97-810C-5A8C6E820737}.Debug|Any CPU.Build.0 = Debug|Any CPU
		{7D93F44E-BDDF-4E97-810C-5A8C6E820737}.Release|Any CPU.ActiveCfg = Release|Any CPU
		{7D93F44E-BDDF-4E97-810C-5A8C6E820737}.Release|Any CPU.Build.0 = Release|Any CPU
	EndGlobalSection
	GlobalSection(SolutionProperties) = preSolution
		HideSolutionNode = FALSE
	EndGlobalSection
EndGlobal
